PODS:
  - BasicKit (0.1.0):
    - BasicKit/Core (= 0.1.0)
    - BasicKit/Resource (= 0.1.0)
  - BasicKit/Core (0.1.0):
    - BasicKit/Core/Util (= 0.1.0)
    - BasicKit/Core/View (= 0.1.0)
  - BasicKit/Core/Util (0.1.0)
  - BasicKit/Core/View (0.1.0)
  - BasicKit/Resource (0.1.0)
  - FLEX (4.5.0)
  - LookinServer (1.0.4)
  - Masonry (1.1.0)
  - ReactiveObjC (3.1.1)
  - Reveal-SDK (34)
  - SDWebImage (5.12.1):
    - SDWebImage/Core (= 5.12.1)
  - SDWebImage/Core (5.12.1)

DEPENDENCIES:
  - BasicKit (from `../`)
  - FLEX
  - LookinServer
  - Masonry
  - ReactiveObjC
  - Reveal-SDK
  - SDWebImage

SPEC REPOS:
  trunk:
    - FLEX
    - LookinServer
    - Masonry
    - ReactiveObjC
    - Reveal-SDK
    - SDWebImage

EXTERNAL SOURCES:
  BasicKit:
    :path: "../"

SPEC CHECKSUMS:
  BasicKit: 3f2e3da190a160864ee93459d902f8091a5476c1
  FLEX: e51461dd6f0bfb00643c262acdfea5d5d12c596b
  LookinServer: 743c1681771d0a8dcc38825325a080c3186404a5
  Masonry: 678fab65091a9290e40e2832a55e7ab731aad201
  ReactiveObjC: 011caa393aa0383245f2dcf9bf02e86b80b36040
  Reveal-SDK: a0f993ac78f7b01e398a56d5a8af8f9882c001bd
  SDWebImage: 4dc3e42d9ec0c1028b960a33ac6b637bb432207b

PODFILE CHECKSUM: eb61eedfe50f9b341292b4545248a83072571e60

COCOAPODS: 1.10.1
